
Microsoft Visual Studio Solution File, Format Version 12.00
# Visual Studio Version 17
VisualStudioVersion = 17.1.32414.318
MinimumVisualStudioVersion = 10.0.40219.1
Project("{FAE04EC0-301F-11D3-BF4B-00C04F79EFBC}") = "CxPath", "CxQuery\CxPath.csproj", "{8D130050-71FF-432B-8049-F736A519B011}"
EndProject
Project("{2150E333-8FDC-42A3-9474-1A3956D46DE8}") = "Solution Items", "Solution Items", "{81D51CED-4E19-4F0C-B173-9EE20AA830D4}"
EndProject
Global
	GlobalSection(SolutionConfigurationPlatforms) = preSolution
		Debug|Any CPU = Debug|Any CPU
		Release|Any CPU = Release|Any CPU
	EndGlobalSection
	GlobalSection(ProjectConfigurationPlatforms) = postSolution
		{8D130050-71FF-432B-8049-F736A519B011}.Debug|Any CPU.ActiveCfg = Debug|Any CPU
		{8D130050-71FF-432B-8049-F736A519B011}.Debug|Any CPU.Build.0 = Debug|Any CPU
		{8D130050-71FF-432B-8049-F736A519B011}.Release|Any CPU.ActiveCfg = Release|Any CPU
		{8D130050-71FF-432B-8049-F736A519B011}.Release|Any CPU.Build.0 = Release|Any CPU
	EndGlobalSection
	GlobalSection(SolutionProperties) = preSolution
		HideSolutionNode = FALSE
	EndGlobalSection
	GlobalSection(ExtensibilityGlobals) = postSolution
		SolutionGuid = {D66060B6-3ADF-4B2A-B355-AF75F06D02CF}
	EndGlobalSection
EndGlobal
